
Microsoft Visual Studio Solution File, Format Version 12.00
# Visual Studio Version 16
VisualStudioVersion = 16.0.810.14
MinimumVisualStudioVersion = 10.0.40219.1
Project("{FAE04EC0-301F-11D3-BF4B-00C04F79EFBC}") = "MappedBinarySerializer", "MappedBinarySerializer\MappedBinarySerializer.csproj", "{16BFAA4B-27B6-49B4-A9D8-C71ECC037F63}"
EndProject
Project("{FAE04EC0-301F-11D3-BF4B-00C04F79EFBC}") = "MappedBinarySerializer.Test", "MappedBinarySerializer.Test\MappedBinarySerializer.Test.csproj", "{55408DFA-07B6-4662-9E4E-8D37D235E26C}"
EndProject
Global
	GlobalSection(SolutionConfigurationPlatforms) = preSolution
		Debug|Any CPU = Debug|Any CPU
		Release|Any CPU = Release|Any CPU
	EndGlobalSection
	GlobalSection(ProjectConfigurationPlatforms) = postSolution
		{16BFAA4B-27B6-49B4-A9D8-C71ECC037F63}.Debug|Any CPU.ActiveCfg = Debug|Any CPU
		{16BFAA4B-27B6-49B4-A9D8-C71ECC037F63}.Debug|Any CPU.Build.0 = Debug|Any CPU
		{16BFAA4B-27B6-49B4-A9D8-C71ECC037F63}.Release|Any CPU.ActiveCfg = Release|Any CPU
		{16BFAA4B-27B6-49B4-A9D8-C71ECC037F63}.Release|Any CPU.Build.0 = Release|Any CPU
		{55408DFA-07B6-4662-9E4E-8D37D235E26C}.Debug|Any CPU.ActiveCfg = Debug|Any CPU
		{55408DFA-07B6-4662-9E4E-8D37D235E26C}.Debug|Any CPU.Build.0 = Debug|Any CPU
		{55408DFA-07B6-4662-9E4E-8D37D235E26C}.Release|Any CPU.ActiveCfg = Release|Any CPU
		{55408DFA-07B6-4662-9E4E-8D37D235E26C}.Release|Any CPU.Build.0 = Release|Any CPU
	EndGlobalSection
	GlobalSection(SolutionProperties) = preSolution
		HideSolutionNode = FALSE
	EndGlobalSection
	GlobalSection(ExtensibilityGlobals) = postSolution
		SolutionGuid = {58507DAA-BEFB-4970-8480-34EC2A1B994E}
	EndGlobalSection
EndGlobal
